// !$*UTF8*$!
{
	archiveVersion = 1;
	classes = {
	};
	objectVersion = 56;
	objects = {

/* Begin PBXBuildFile section */
		420E3D352913B85000E16D16 /* SoundManager.swift in Sources */ = {isa = PBXBuildFile; fileRef = 420E3D342913B85000E16D16 /* SoundManager.swift */; };
		420E3D382913B85600E16D16 /* defaultBeep.mp3 in Resources */ = {isa = PBXBuildFile; fileRef = 420E3D372913B85600E16D16 /* defaultBeep.mp3 */; };
		4296A68928F7EAEB00E769AE /* HealthkitManager.swift in Sources */ = {isa = PBXBuildFile; fileRef = 4296A68828F7EAEB00E769AE /* HealthkitManager.swift */; };
		4D5D87EB291BB98B0024C16D /* MeasurementsTool.swift in Sources */ = {isa = PBXBuildFile; fileRef = 4D5D87E8291BB98B0024C16D /* MeasurementsTool.swift */; };
		4D5D87EC291BB98B0024C16D /* VideoCaptureTool.swift in Sources */ = {isa = PBXBuildFile; fileRef = 4D5D87E9291BB98B0024C16D /* VideoCaptureTool.swift */; };
		4D5D87ED291BB98B0024C16D /* UIImage_CVPixelBufferTool.swift in Sources */ = {isa = PBXBuildFile; fileRef = 4D5D87EA291BB98B0024C16D /* UIImage_CVPixelBufferTool.swift */; };
		4D5D87F2291BBA8E0024C16D /* LabelsTableViewCell.swift in Sources */ = {isa = PBXBuildFile; fileRef = 4D5D87EF291BBA8E0024C16D /* LabelsTableViewCell.swift */; };
		4D5D87F3291BBA8E0024C16D /* ObjectDetectionViewController.swift in Sources */ = {isa = PBXBuildFile; fileRef = 4D5D87F0291BBA8E0024C16D /* ObjectDetectionViewController.swift */; };
		4D5D87F4291BBA8E0024C16D /* BoundingBoxDisplayView.swift in Sources */ = {isa = PBXBuildFile; fileRef = 4D5D87F1291BBA8E0024C16D /* BoundingBoxDisplayView.swift */; };
		4D5D87F8291BBB5D0024C16D /* yolov5x6.mlmodel in Sources */ = {isa = PBXBuildFile; fileRef = 4D5D87F7291BBB5D0024C16D /* yolov5x6.mlmodel */; };
		4DB71CAA28EF7D4900A0E21A /* AppDelegate.swift in Sources */ = {isa = PBXBuildFile; fileRef = 4DB71CA928EF7D4900A0E21A /* AppDelegate.swift */; };
		4DB71CAC28EF7D4900A0E21A /* SceneDelegate.swift in Sources */ = {isa = PBXBuildFile; fileRef = 4DB71CAB28EF7D4900A0E21A /* SceneDelegate.swift */; };
		4DB71CAE28EF7D4900A0E21A /* MainViewController.swift in Sources */ = {isa = PBXBuildFile; fileRef = 4DB71CAD28EF7D4900A0E21A /* MainViewController.swift */; };
		4DB71CB328EF7D4A00A0E21A /* Assets.xcassets in Resources */ = {isa = PBXBuildFile; fileRef = 4DB71CB228EF7D4A00A0E21A /* Assets.xcassets */; };
		FE1997F1290A77C2001DA2CF /* SettingViewController.swift in Sources */ = {isa = PBXBuildFile; fileRef = FE1997F0290A77C2001DA2CF /* SettingViewController.swift */; };
		FE1997F5291A1CDD001DA2CF /* TextReaderViewController.swift in Sources */ = {isa = PBXBuildFile; fileRef = FE1997F4291A1CDD001DA2CF /* TextReaderViewController.swift */; };
/* End PBXBuildFile section */

/* Begin PBXFileReference section */
		420E3D342913B85000E16D16 /* SoundManager.swift */ = {isa = PBXFileReference; fileEncoding = 4; lastKnownFileType = sourcecode.swift; path = SoundManager.swift; sourceTree = "<group>"; };
		420E3D372913B85600E16D16 /* defaultBeep.mp3 */ = {isa = PBXFileReference; lastKnownFileType = audio.mp3; path = defaultBeep.mp3; sourceTree = "<group>"; };
		4296A68828F7EAEB00E769AE /* HealthkitManager.swift */ = {isa = PBXFileReference; lastKnownFileType = sourcecode.swift; path = HealthkitManager.swift; sourceTree = "<group>"; };
		4296A68A28F7EB2200E769AE /* Oculo.entitlements */ = {isa = PBXFileReference; lastKnownFileType = text.plist.entitlements; path = Oculo.entitlements; sourceTree = "<group>"; };
		4D5D87E8291BB98B0024C16D /* MeasurementsTool.swift */ = {isa = PBXFileReference; fileEncoding = 4; lastKnownFileType = sourcecode.swift; path = MeasurementsTool.swift; sourceTree = "<group>"; };
		4D5D87E9291BB98B0024C16D /* VideoCaptureTool.swift */ = {isa = PBXFileReference; fileEncoding = 4; lastKnownFileType = sourcecode.swift; path = VideoCaptureTool.swift; sourceTree = "<group>"; };
		4D5D87EA291BB98B0024C16D /* UIImage_CVPixelBufferTool.swift */ = {isa = PBXFileReference; fileEncoding = 4; lastKnownFileType = sourcecode.swift; path = UIImage_CVPixelBufferTool.swift; sourceTree = "<group>"; };
		4D5D87EF291BBA8E0024C16D /* LabelsTableViewCell.swift */ = {isa = PBXFileReference; fileEncoding = 4; lastKnownFileType = sourcecode.swift; path = LabelsTableViewCell.swift; sourceTree = "<group>"; };
		4D5D87F0291BBA8E0024C16D /* ObjectDetectionViewController.swift */ = {isa = PBXFileReference; fileEncoding = 4; lastKnownFileType = sourcecode.swift; path = ObjectDetectionViewController.swift; sourceTree = "<group>"; };
		4D5D87F1291BBA8E0024C16D /* BoundingBoxDisplayView.swift */ = {isa = PBXFileReference; fileEncoding = 4; lastKnownFileType = sourcecode.swift; path = BoundingBoxDisplayView.swift; sourceTree = "<group>"; };
		4D5D87F7291BBB5D0024C16D /* yolov5x6.mlmodel */ = {isa = PBXFileReference; lastKnownFileType = file.mlmodel; path = yolov5x6.mlmodel; sourceTree = "<group>"; };
		4DB71CA628EF7D4900A0E21A /* Oculo.app */ = {isa = PBXFileReference; explicitFileType = wrapper.application; includeInIndex = 0; path = Oculo.app; sourceTree = BUILT_PRODUCTS_DIR; };
		4DB71CA928EF7D4900A0E21A /* AppDelegate.swift */ = {isa = PBXFileReference; lastKnownFileType = sourcecode.swift; path = AppDelegate.swift; sourceTree = "<group>"; };
		4DB71CAB28EF7D4900A0E21A /* SceneDelegate.swift */ = {isa = PBXFileReference; lastKnownFileType = sourcecode.swift; path = SceneDelegate.swift; sourceTree = "<group>"; };
		4DB71CAD28EF7D4900A0E21A /* MainViewController.swift */ = {isa = PBXFileReference; lastKnownFileType = sourcecode.swift; path = MainViewController.swift; sourceTree = "<group>"; };
		4DB71CB228EF7D4A00A0E21A /* Assets.xcassets */ = {isa = PBXFileReference; lastKnownFileType = folder.assetcatalog; path = Assets.xcassets; sourceTree = "<group>"; };
		4DB71CB728EF7D4A00A0E21A /* Info.plist */ = {isa = PBXFileReference; lastKnownFileType = text.plist.xml; path = Info.plist; sourceTree = "<group>"; };
		FE1997F0290A77C2001DA2CF /* SettingViewController.swift */ = {isa = PBXFileReference; lastKnownFileType = sourcecode.swift; path = SettingViewController.swift; sourceTree = "<group>"; };
		FE1997F4291A1CDD001DA2CF /* TextReaderViewController.swift */ = {isa = PBXFileReference; lastKnownFileType = sourcecode.swift; path = TextReaderViewController.swift; sourceTree = "<group>"; };
/* End PBXFileReference section */

/* Begin PBXFrameworksBuildPhase section */
		4DB71CA328EF7D4900A0E21A /* Frameworks */ = {
			isa = PBXFrameworksBuildPhase;
			buildActionMask = 2147483647;
			files = (
			);
			runOnlyForDeploymentPostprocessing = 0;
		};
/* End PBXFrameworksBuildPhase section */

/* Begin PBXGroup section */
		420E3D362913B85600E16D16 /* sources */ = {
			isa = PBXGroup;
			children = (
				420E3D372913B85600E16D16 /* defaultBeep.mp3 */,
			);
			path = sources;
			sourceTree = "<group>";
		};
		4D41E06C2913C34A00A05726 /* AIModels */ = {
			isa = PBXGroup;
			children = (
				4D5D87F7291BBB5D0024C16D /* yolov5x6.mlmodel */,
			);
			path = AIModels;
			sourceTree = "<group>";
		};
		4D5D87E7291BB9590024C16D /* Utilities */ = {
			isa = PBXGroup;
			children = (
				4D5D87E8291BB98B0024C16D /* MeasurementsTool.swift */,
				4D5D87EA291BB98B0024C16D /* UIImage_CVPixelBufferTool.swift */,
				4D5D87E9291BB98B0024C16D /* VideoCaptureTool.swift */,
			);
			path = Utilities;
			sourceTree = "<group>";
		};
		4D5D87EE291BBA680024C16D /* ObjectRecognizer */ = {
			isa = PBXGroup;
			children = (
				4D5D87F1291BBA8E0024C16D /* BoundingBoxDisplayView.swift */,
				4D5D87EF291BBA8E0024C16D /* LabelsTableViewCell.swift */,
				4D5D87F0291BBA8E0024C16D /* ObjectDetectionViewController.swift */,
			);
			path = ObjectRecognizer;
			sourceTree = "<group>";
		};
		4DB71C9D28EF7D4900A0E21A = {
			isa = PBXGroup;
			children = (
				4DB71CA828EF7D4900A0E21A /* Oculo */,
				4DB71CA728EF7D4900A0E21A /* Products */,
			);
			sourceTree = "<group>";
		};
		4DB71CA728EF7D4900A0E21A /* Products */ = {
			isa = PBXGroup;
			children = (
				4DB71CA628EF7D4900A0E21A /* Oculo.app */,
			);
			name = Products;
			sourceTree = "<group>";
		};
		4DB71CA828EF7D4900A0E21A /* Oculo */ = {
			isa = PBXGroup;
			children = (
				4D5D87EE291BBA680024C16D /* ObjectRecognizer */,
				4D5D87E7291BB9590024C16D /* Utilities */,
				4D41E06C2913C34A00A05726 /* AIModels */,
				420E3D362913B85600E16D16 /* sources */,
				4296A68A28F7EB2200E769AE /* Oculo.entitlements */,
				FE1997F4291A1CDD001DA2CF /* TextReaderViewController.swift */,
				4DB71CA928EF7D4900A0E21A /* AppDelegate.swift */,
				4DB71CAB28EF7D4900A0E21A /* SceneDelegate.swift */,
				4DB71CAD28EF7D4900A0E21A /* MainViewController.swift */,
				FE1997F0290A77C2001DA2CF /* SettingViewController.swift */,
				4296A68828F7EAEB00E769AE /* HealthkitManager.swift */,
				420E3D342913B85000E16D16 /* SoundManager.swift */,
				4DB71CB228EF7D4A00A0E21A /* Assets.xcassets */,
				4DB71CB728EF7D4A00A0E21A /* Info.plist */,
			);
			path = Oculo;
			sourceTree = "<group>";
		};
/* End PBXGroup section */

/* Begin PBXNativeTarget section */
		4DB71CA528EF7D4900A0E21A /* Oculo */ = {
			isa = PBXNativeTarget;
			buildConfigurationList = 4DB71CBA28EF7D4A00A0E21A /* Build configuration list for PBXNativeTarget "Oculo" */;
			buildPhases = (
				4DB71CA228EF7D4900A0E21A /* Sources */,
				4DB71CA328EF7D4900A0E21A /* Frameworks */,
				4DB71CA428EF7D4900A0E21A /* Resources */,
			);
			buildRules = (
			);
			dependencies = (
			);
			name = Oculo;
			productName = Oculo;
			productReference = 4DB71CA628EF7D4900A0E21A /* Oculo.app */;
			productType = "com.apple.product-type.application";
		};
/* End PBXNativeTarget section */

/* Begin PBXProject section */
		4DB71C9E28EF7D4900A0E21A /* Project object */ = {
			isa = PBXProject;
			attributes = {
				BuildIndependentTargetsInParallel = 1;
				LastSwiftUpdateCheck = 1400;
				LastUpgradeCheck = 1400;
				ORGANIZATIONNAME = "Intelligent ATLAS";
				TargetAttributes = {
					4DB71CA528EF7D4900A0E21A = {
						CreatedOnToolsVersion = 14.0.1;
					};
				};
			};
			buildConfigurationList = 4DB71CA128EF7D4900A0E21A /* Build configuration list for PBXProject "Oculo" */;
			compatibilityVersion = "Xcode 14.0";
			developmentRegion = en;
			hasScannedForEncodings = 0;
			knownRegions = (
				en,
				Base,
			);
			mainGroup = 4DB71C9D28EF7D4900A0E21A;
			productRefGroup = 4DB71CA728EF7D4900A0E21A /* Products */;
			projectDirPath = "";
			projectRoot = "";
			targets = (
				4DB71CA528EF7D4900A0E21A /* Oculo */,
			);
		};
/* End PBXProject section */

/* Begin PBXResourcesBuildPhase section */
		4DB71CA428EF7D4900A0E21A /* Resources */ = {
			isa = PBXResourcesBuildPhase;
			buildActionMask = 2147483647;
			files = (
				420E3D382913B85600E16D16 /* defaultBeep.mp3 in Resources */,
				4DB71CB328EF7D4A00A0E21A /* Assets.xcassets in Resources */,
			);
			runOnlyForDeploymentPostprocessing = 0;
		};
/* End PBXResourcesBuildPhase section */

/* Begin PBXSourcesBuildPhase section */
		4DB71CA228EF7D4900A0E21A /* Sources */ = {
			isa = PBXSourcesBuildPhase;
			buildActionMask = 2147483647;
			files = (
				4D5D87F8291BBB5D0024C16D /* yolov5x6.mlmodel in Sources */,
				4D5D87ED291BB98B0024C16D /* UIImage_CVPixelBufferTool.swift in Sources */,
				4D5D87F3291BBA8E0024C16D /* ObjectDetectionViewController.swift in Sources */,
				FE1997F1290A77C2001DA2CF /* SettingViewController.swift in Sources */,
				4DB71CAE28EF7D4900A0E21A /* MainViewController.swift in Sources */,
				4DB71CAA28EF7D4900A0E21A /* AppDelegate.swift in Sources */,
				4D5D87EC291BB98B0024C16D /* VideoCaptureTool.swift in Sources */,
				4296A68928F7EAEB00E769AE /* HealthkitManager.swift in Sources */,
				FE1997F5291A1CDD001DA2CF /* TextReaderViewController.swift in Sources */,
				4DB71CAC28EF7D4900A0E21A /* SceneDelegate.swift in Sources */,
				420E3D352913B85000E16D16 /* SoundManager.swift in Sources */,
				4D5D87F4291BBA8E0024C16D /* BoundingBoxDisplayView.swift in Sources */,
				4D5D87F2291BBA8E0024C16D /* LabelsTableViewCell.swift in Sources */,
				4D5D87EB291BB98B0024C16D /* MeasurementsTool.swift in Sources */,
			);
			runOnlyForDeploymentPostprocessing = 0;
		};
/* End PBXSourcesBuildPhase section */

/* Begin XCBuildConfiguration section */
		4DB71CB828EF7D4A00A0E21A /* Debug */ = {
			isa = XCBuildConfiguration;
			buildSettings = {
				ALWAYS_SEARCH_USER_PATHS = NO;
				CLANG_ANALYZER_NONNULL = YES;
				CLANG_ANALYZER_NUMBER_OBJECT_CONVERSION = YES_AGGRESSIVE;
				CLANG_CXX_LANGUAGE_STANDARD = "gnu++20";
				CLANG_ENABLE_MODULES = YES;
				CLANG_ENABLE_OBJC_ARC = YES;
				CLANG_ENABLE_OBJC_WEAK = YES;
				CLANG_WARN_BLOCK_CAPTURE_AUTORELEASING = YES;
				CLANG_WARN_BOOL_CONVERSION = YES;
				CLANG_WARN_COMMA = YES;
				CLANG_WARN_CONSTANT_CONVERSION = YES;
				CLANG_WARN_DEPRECATED_OBJC_IMPLEMENTATIONS = YES;
				CLANG_WARN_DIRECT_OBJC_ISA_USAGE = YES_ERROR;
				CLANG_WARN_DOCUMENTATION_COMMENTS = YES;
				CLANG_WARN_EMPTY_BODY = YES;
				CLANG_WARN_ENUM_CONVERSION = YES;
				CLANG_WARN_INFINITE_RECURSION = YES;
				CLANG_WARN_INT_CONVERSION = YES;
				CLANG_WARN_NON_LITERAL_NULL_CONVERSION = YES;
				CLANG_WARN_OBJC_IMPLICIT_RETAIN_SELF = YES;
				CLANG_WARN_OBJC_LITERAL_CONVERSION = YES;
				CLANG_WARN_OBJC_ROOT_CLASS = YES_ERROR;
				CLANG_WARN_QUOTED_INCLUDE_IN_FRAMEWORK_HEADER = YES;
				CLANG_WARN_RANGE_LOOP_ANALYSIS = YES;
				CLANG_WARN_STRICT_PROTOTYPES = YES;
				CLANG_WARN_SUSPICIOUS_MOVE = YES;
				CLANG_WARN_UNGUARDED_AVAILABILITY = YES_AGGRESSIVE;
				CLANG_WARN_UNREACHABLE_CODE = YES;
				CLANG_WARN__DUPLICATE_METHOD_MATCH = YES;
				COPY_PHASE_STRIP = NO;
				DEBUG_INFORMATION_FORMAT = dwarf;
				ENABLE_STRICT_OBJC_MSGSEND = YES;
				ENABLE_TESTABILITY = YES;
				GCC_C_LANGUAGE_STANDARD = gnu11;
				GCC_DYNAMIC_NO_PIC = NO;
				GCC_NO_COMMON_BLOCKS = YES;
				GCC_OPTIMIZATION_LEVEL = 0;
				GCC_PREPROCESSOR_DEFINITIONS = (
					"DEBUG=1",
					"$(inherited)",
				);
				GCC_WARN_64_TO_32_BIT_CONVERSION = YES;
				GCC_WARN_ABOUT_RETURN_TYPE = YES_ERROR;
				GCC_WARN_UNDECLARED_SELECTOR = YES;
				GCC_WARN_UNINITIALIZED_AUTOS = YES_AGGRESSIVE;
				GCC_WARN_UNUSED_FUNCTION = YES;
				GCC_WARN_UNUSED_VARIABLE = YES;
				INFOPLIST_KEY_UIUserInterfaceStyle = Dark;
				IPHONEOS_DEPLOYMENT_TARGET = 16.0;
				MTL_ENABLE_DEBUG_INFO = INCLUDE_SOURCE;
				MTL_FAST_MATH = YES;
				ONLY_ACTIVE_ARCH = YES;
				SDKROOT = iphoneos;
				SWIFT_ACTIVE_COMPILATION_CONDITIONS = DEBUG;
				SWIFT_OPTIMIZATION_LEVEL = "-Onone";
			};
			name = Debug;
		};
		4DB71CB928EF7D4A00A0E21A /* Release */ = {
			isa = XCBuildConfiguration;
			buildSettings = {
				ALWAYS_SEARCH_USER_PATHS = NO;
				CLANG_ANALYZER_NONNULL = YES;
				CLANG_ANALYZER_NUMBER_OBJECT_CONVERSION = YES_AGGRESSIVE;
				CLANG_CXX_LANGUAGE_STANDARD = "gnu++20";
				CLANG_ENABLE_MODULES = YES;
				CLANG_ENABLE_OBJC_ARC = YES;
				CLANG_ENABLE_OBJC_WEAK = YES;
				CLANG_WARN_BLOCK_CAPTURE_AUTORELEASING = YES;
				CLANG_WARN_BOOL_CONVERSION = YES;
				CLANG_WARN_COMMA = YES;
				CLANG_WARN_CONSTANT_CONVERSION = YES;
				CLANG_WARN_DEPRECATED_OBJC_IMPLEMENTATIONS = YES;
				CLANG_WARN_DIRECT_OBJC_ISA_USAGE = YES_ERROR;
				CLANG_WARN_DOCUMENTATION_COMMENTS = YES;
				CLANG_WARN_EMPTY_BODY = YES;
				CLANG_WARN_ENUM_CONVERSION = YES;
				CLANG_WARN_INFINITE_RECURSION = YES;
				CLANG_WARN_INT_CONVERSION = YES;
				CLANG_WARN_NON_LITERAL_NULL_CONVERSION = YES;
				CLANG_WARN_OBJC_IMPLICIT_RETAIN_SELF = YES;
				CLANG_WARN_OBJC_LITERAL_CONVERSION = YES;
				CLANG_WARN_OBJC_ROOT_CLASS = YES_ERROR;
				CLANG_WARN_QUOTED_INCLUDE_IN_FRAMEWORK_HEADER = YES;
				CLANG_WARN_RANGE_LOOP_ANALYSIS = YES;
				CLANG_WARN_STRICT_PROTOTYPES = YES;
				CLANG_WARN_SUSPICIOUS_MOVE = YES;
				CLANG_WARN_UNGUARDED_AVAILABILITY = YES_AGGRESSIVE;
				CLANG_WARN_UNREACHABLE_CODE = YES;
				CLANG_WARN__DUPLICATE_METHOD_MATCH = YES;
				COPY_PHASE_STRIP = NO;
				DEBUG_INFORMATION_FORMAT = "dwarf-with-dsym";
				ENABLE_NS_ASSERTIONS = NO;
				ENABLE_STRICT_OBJC_MSGSEND = YES;
				GCC_C_LANGUAGE_STANDARD = gnu11;
				GCC_NO_COMMON_BLOCKS = YES;
				GCC_WARN_64_TO_32_BIT_CONVERSION = YES;
				GCC_WARN_ABOUT_RETURN_TYPE = YES_ERROR;
				GCC_WARN_UNDECLARED_SELECTOR = YES;
				GCC_WARN_UNINITIALIZED_AUTOS = YES_AGGRESSIVE;
				GCC_WARN_UNUSED_FUNCTION = YES;
				GCC_WARN_UNUSED_VARIABLE = YES;
				INFOPLIST_KEY_UIUserInterfaceStyle = Dark;
				IPHONEOS_DEPLOYMENT_TARGET = 16.0;
				MTL_ENABLE_DEBUG_INFO = NO;
				MTL_FAST_MATH = YES;
				SDKROOT = iphoneos;
				SWIFT_COMPILATION_MODE = wholemodule;
				SWIFT_OPTIMIZATION_LEVEL = "-O";
				VALIDATE_PRODUCT = YES;
			};
			name = Release;
		};
		4DB71CBB28EF7D4A00A0E21A /* Debug */ = {
			isa = XCBuildConfiguration;
			buildSettings = {
				ASSETCATALOG_COMPILER_APPICON_NAME = AppIcon;
				ASSETCATALOG_COMPILER_GLOBAL_ACCENT_COLOR_NAME = AccentColor;
				CODE_SIGN_ENTITLEMENTS = Oculo/Oculo.entitlements;
				"CODE_SIGN_IDENTITY[sdk=iphoneos*]" = "iPhone Developer";
				CODE_SIGN_STYLE = Manual;
				CURRENT_PROJECT_VERSION = 1;
				DEVELOPMENT_TEAM = "";
				"DEVELOPMENT_TEAM[sdk=iphoneos*]" = 7U333QCZ4W;
				GENERATE_INFOPLIST_FILE = YES;
				INFOPLIST_FILE = Oculo/Info.plist;
				INFOPLIST_KEY_CFBundleDisplayName = Oculo;
				INFOPLIST_KEY_LSApplicationCategoryType = "public.app-category.navigation";
				INFOPLIST_KEY_NSHealthShareUsageDescription = "사용자의 보폭을 통해 거리를 계산하기위해 필요한 권한입니다";
				INFOPLIST_KEY_NSHealthUpdateUsageDescription = "사용자의 보폭을 통해 거리를 계산하기위해 필요한 권한입니다";
				INFOPLIST_KEY_UIApplicationSupportsIndirectInputEvents = YES;
				INFOPLIST_KEY_UILaunchStoryboardName = LaunchScreen;
				INFOPLIST_KEY_UIStatusBarStyle = "";
				INFOPLIST_KEY_UISupportedInterfaceOrientations_iPad = "UIInterfaceOrientationPortrait UIInterfaceOrientationPortraitUpsideDown UIInterfaceOrientationLandscapeLeft UIInterfaceOrientationLandscapeRight";
				INFOPLIST_KEY_UISupportedInterfaceOrientations_iPhone = "UIInterfaceOrientationPortrait UIInterfaceOrientationLandscapeLeft UIInterfaceOrientationLandscapeRight";
				LD_RUNPATH_SEARCH_PATHS = (
					"$(inherited)",
					"@executable_path/Frameworks",
				);
				MARKETING_VERSION = 1.0;
				PRODUCT_BUNDLE_IDENTIFIER = IntelligentATLAS.Oculo;
				PRODUCT_NAME = "$(TARGET_NAME)";
				PROVISIONING_PROFILE_SPECIFIER = "";
				"PROVISIONING_PROFILE_SPECIFIER[sdk=iphoneos*]" = dev_Oculo;
				SUPPORTED_PLATFORMS = "iphoneos iphonesimulator";
				SUPPORTS_MACCATALYST = NO;
				SUPPORTS_MAC_DESIGNED_FOR_IPHONE_IPAD = NO;
				SWIFT_EMIT_LOC_STRINGS = YES;
				SWIFT_VERSION = 5.0;
				TARGETED_DEVICE_FAMILY = "1,2";
			};
			name = Debug;
		};
		4DB71CBC28EF7D4A00A0E21A /* Release */ = {
			isa = XCBuildConfiguration;
			buildSettings = {
				ASSETCATALOG_COMPILER_APPICON_NAME = AppIcon;
				ASSETCATALOG_COMPILER_GLOBAL_ACCENT_COLOR_NAME = AccentColor;
				CODE_SIGN_ENTITLEMENTS = Oculo/Oculo.entitlements;
				"CODE_SIGN_IDENTITY[sdk=iphoneos*]" = "iPhone Distribution";
				CODE_SIGN_STYLE = Manual;
				CURRENT_PROJECT_VERSION = 1;
				DEVELOPMENT_TEAM = "";
				"DEVELOPMENT_TEAM[sdk=iphoneos*]" = 7U333QCZ4W;
				GENERATE_INFOPLIST_FILE = YES;
				INFOPLIST_FILE = Oculo/Info.plist;
				INFOPLIST_KEY_CFBundleDisplayName = Oculo;
				INFOPLIST_KEY_LSApplicationCategoryType = "public.app-category.navigation";
				INFOPLIST_KEY_NSHealthShareUsageDescription = "사용자의 보폭을 통해 거리를 계산하기위해 필요한 권한입니다";
				INFOPLIST_KEY_NSHealthUpdateUsageDescription = "사용자의 보폭을 통해 거리를 계산하기위해 필요한 권한입니다";
				INFOPLIST_KEY_UIApplicationSupportsIndirectInputEvents = YES;
				INFOPLIST_KEY_UILaunchStoryboardName = LaunchScreen;
				INFOPLIST_KEY_UIStatusBarStyle = "";
				INFOPLIST_KEY_UISupportedInterfaceOrientations_iPad = "UIInterfaceOrientationPortrait UIInterfaceOrientationPortraitUpsideDown UIInterfaceOrientationLandscapeLeft UIInterfaceOrientationLandscapeRight";
				INFOPLIST_KEY_UISupportedInterfaceOrientations_iPhone = "UIInterfaceOrientationPortrait UIInterfaceOrientationLandscapeLeft UIInterfaceOrientationLandscapeRight";
				LD_RUNPATH_SEARCH_PATHS = (
					"$(inherited)",
					"@executable_path/Frameworks",
				);
				MARKETING_VERSION = 1.0;
				PRODUCT_BUNDLE_IDENTIFIER = IntelligentATLAS.Oculo;
				PRODUCT_NAME = "$(TARGET_NAME)";
				PROVISIONING_PROFILE_SPECIFIER = "";
				"PROVISIONING_PROFILE_SPECIFIER[sdk=iphoneos*]" = adhoc_Oculo;
				SUPPORTED_PLATFORMS = "iphoneos iphonesimulator";
				SUPPORTS_MACCATALYST = NO;
				SUPPORTS_MAC_DESIGNED_FOR_IPHONE_IPAD = NO;
				SWIFT_EMIT_LOC_STRINGS = YES;
				SWIFT_VERSION = 5.0;
				TARGETED_DEVICE_FAMILY = "1,2";
			};
			name = Release;
		};
/* End XCBuildConfiguration section */

/* Begin XCConfigurationList section */
		4DB71CA128EF7D4900A0E21A /* Build configuration list for PBXProject "Oculo" */ = {
			isa = XCConfigurationList;
			buildConfigurations = (
				4DB71CB828EF7D4A00A0E21A /* Debug */,
				4DB71CB928EF7D4A00A0E21A /* Release */,
			);
			defaultConfigurationIsVisible = 0;
			defaultConfigurationName = Release;
		};
		4DB71CBA28EF7D4A00A0E21A /* Build configuration list for PBXNativeTarget "Oculo" */ = {
			isa = XCConfigurationList;
			buildConfigurations = (
				4DB71CBB28EF7D4A00A0E21A /* Debug */,
				4DB71CBC28EF7D4A00A0E21A /* Release */,
			);
			defaultConfigurationIsVisible = 0;
			defaultConfigurationName = Release;
		};
/* End XCConfigurationList section */
	};
	rootObject = 4DB71C9E28EF7D4900A0E21A /* Project object */;
}
